// !$*UTF8*$!
{
	archiveVersion = 1;
	classes = {
	};
	objectVersion = 50;
	objects = {

/* Begin PBXBuildFile section */
		7ECE772B236D2ED6004001DE /* AppDelegate.swift in Sources */ = {isa = PBXBuildFile; fileRef = 7ECE772A236D2ED6004001DE /* AppDelegate.swift */; };
		7ECE772D236D2ED6004001DE /* ViewController.swift in Sources */ = {isa = PBXBuildFile; fileRef = 7ECE772C236D2ED6004001DE /* ViewController.swift */; };
		7ECE7730236D2ED6004001DE /* Main.storyboard in Resources */ = {isa = PBXBuildFile; fileRef = 7ECE772E236D2ED6004001DE /* Main.storyboard */; };
		7ECE7732236D2ED7004001DE /* Assets.xcassets in Resources */ = {isa = PBXBuildFile; fileRef = 7ECE7731236D2ED7004001DE /* Assets.xcassets */; };
		7ECE7735236D2ED7004001DE /* LaunchScreen.storyboard in Resources */ = {isa = PBXBuildFile; fileRef = 7ECE7733236D2ED7004001DE /* LaunchScreen.storyboard */; };
		7EF188B9236E83670033BAEC /* Item.swift in Sources */ = {isa = PBXBuildFile; fileRef = 7EF188B8236E83670033BAEC /* Item.swift */; };
/* End PBXBuildFile section */

/* Begin PBXFileReference section */
		7ECE7727236D2ED6004001DE /* Schedule List.app */ = {isa = PBXFileReference; explicitFileType = wrapper.application; includeInIndex = 0; path = "Schedule List.app"; sourceTree = BUILT_PRODUCTS_DIR; };
		7ECE772A236D2ED6004001DE /* AppDelegate.swift */ = {isa = PBXFileReference; lastKnownFileType = sourcecode.swift; path = AppDelegate.swift; sourceTree = "<group>"; };
		7ECE772C236D2ED6004001DE /* ViewController.swift */ = {isa = PBXFileReference; lastKnownFileType = sourcecode.swift; path = ViewController.swift; sourceTree = "<group>"; };
		7ECE772F236D2ED6004001DE /* Base */ = {isa = PBXFileReference; lastKnownFileType = file.storyboard; name = Base; path = Base.lproj/Main.storyboard; sourceTree = "<group>"; };
		7ECE7731236D2ED7004001DE /* Assets.xcassets */ = {isa = PBXFileReference; lastKnownFileType = folder.assetcatalog; path = Assets.xcassets; sourceTree = "<group>"; };
		7ECE7734236D2ED7004001DE /* Base */ = {isa = PBXFileReference; lastKnownFileType = file.storyboard; name = Base; path = Base.lproj/LaunchScreen.storyboard; sourceTree = "<group>"; };
		7ECE7736236D2ED7004001DE /* Info.plist */ = {isa = PBXFileReference; lastKnownFileType = text.plist.xml; path = Info.plist; sourceTree = "<group>"; };
		7EF188B8236E83670033BAEC /* Item.swift */ = {isa = PBXFileReference; lastKnownFileType = sourcecode.swift; path = Item.swift; sourceTree = "<group>"; };
/* End PBXFileReference section */

/* Begin PBXFrameworksBuildPhase section */
		7ECE7724236D2ED6004001DE /* Frameworks */ = {
			isa = PBXFrameworksBuildPhase;
			buildActionMask = 2147483647;
			files = (
			);
			runOnlyForDeploymentPostprocessing = 0;
		};
/* End PBXFrameworksBuildPhase section */

/* Begin PBXGroup section */
		7ECE771E236D2ED6004001DE = {
			isa = PBXGroup;
			children = (
				7ECE7729236D2ED6004001DE /* Schedule List */,
				7ECE7728236D2ED6004001DE /* Products */,
			);
			sourceTree = "<group>";
		};
		7ECE7728236D2ED6004001DE /* Products */ = {
			isa = PBXGroup;
			children = (
				7ECE7727236D2ED6004001DE /* Schedule List.app */,
			);
			name = Products;
			sourceTree = "<group>";
		};
		7ECE7729236D2ED6004001DE /* Schedule List */ = {
			isa = PBXGroup;
			children = (
				7ECE772A236D2ED6004001DE /* AppDelegate.swift */,
				7ECE772C236D2ED6004001DE /* ViewController.swift */,
				7EF188B8236E83670033BAEC /* Item.swift */,
				7ECE772E236D2ED6004001DE /* Main.storyboard */,
				7ECE7731236D2ED7004001DE /* Assets.xcassets */,
				7ECE7733236D2ED7004001DE /* LaunchScreen.storyboard */,
				7ECE7736236D2ED7004001DE /* Info.plist */,
			);
			path = "Schedule List";
			sourceTree = "<group>";
		};
/* End PBXGroup section */

/* Begin PBXNativeTarget section */
		7ECE7726236D2ED6004001DE /* Schedule List */ = {
			isa = PBXNativeTarget;
			buildConfigurationList = 7ECE7739236D2ED7004001DE /* Build configuration list for PBXNativeTarget "Schedule List" */;
			buildPhases = (
				7ECE7723236D2ED6004001DE /* Sources */,
				7ECE7724236D2ED6004001DE /* Frameworks */,
				7ECE7725236D2ED6004001DE /* Resources */,
			);
			buildRules = (
			);
			dependencies = (
			);
			name = "Schedule List";
			productName = "Schedule List";
			productReference = 7ECE7727236D2ED6004001DE /* Schedule List.app */;
			productType = "com.apple.product-type.application";
		};
/* End PBXNativeTarget section */

/* Begin PBXProject section */
		7ECE771F236D2ED6004001DE /* Project object */ = {
			isa = PBXProject;
			attributes = {
				LastSwiftUpdateCheck = 1030;
				LastUpgradeCheck = 1300;
				ORGANIZATIONNAME = "Greg Wu";
				TargetAttributes = {
					7ECE7726236D2ED6004001DE = {
						CreatedOnToolsVersion = 10.3;
					};
				};
			};
			buildConfigurationList = 7ECE7722236D2ED6004001DE /* Build configuration list for PBXProject "Schedule List" */;
			compatibilityVersion = "Xcode 9.3";
			developmentRegion = en;
			hasScannedForEncodings = 0;
			knownRegions = (
				en,
				Base,
			);
			mainGroup = 7ECE771E236D2ED6004001DE;
			productRefGroup = 7ECE7728236D2ED6004001DE /* Products */;
			projectDirPath = "";
			projectRoot = "";
			targets = (
				7ECE7726236D2ED6004001DE /* Schedule List */,
			);
		};
/* End PBXProject section */

/* Begin PBXResourcesBuildPhase section */
		7ECE7725236D2ED6004001DE /* Resources */ = {
			isa = PBXResourcesBuildPhase;
			buildActionMask = 2147483647;
			files = (
				7ECE7735236D2ED7004001DE /* LaunchScreen.storyboard in Resources */,
				7ECE7732236D2ED7004001DE /* Assets.xcassets in Resources */,
				7ECE7730236D2ED6004001DE /* Main.storyboard in Resources */,
			);
			runOnlyForDeploymentPostprocessing = 0;
		};
/* End PBXResourcesBuildPhase section */

/* Begin PBXSourcesBuildPhase section */
		7ECE7723236D2ED6004001DE /* Sources */ = {
			isa = PBXSourcesBuildPhase;
			buildActionMask = 2147483647;
			files = (
				7ECE772D236D2ED6004001DE /* ViewController.swift in Sources */,
				7EF188B9236E83670033BAEC /* Item.swift in Sources */,
				7ECE772B236D2ED6004001DE /* AppDelegate.swift in Sources */,
			);
			runOnlyForDeploymentPostprocessing = 0;
		};
/* End PBXSourcesBuildPhase section */

/* Begin PBXVariantGroup section */
		7ECE772E236D2ED6004001DE /* Main.storyboard */ = {
			isa = PBXVariantGroup;
			children = (
				7ECE772F236D2ED6004001DE /* Base */,
			);
			name = Main.storyboard;
			sourceTree = "<group>";
		};
		7ECE7733236D2ED7004001DE /* LaunchScreen.storyboard */ = {
			isa = PBXVariantGroup;
			children = (
				7ECE7734236D2ED7004001DE /* Base */,
			);
			name = LaunchScreen.storyboard;
			sourceTree = "<group>";
		};
/* End PBXVariantGroup section */

/* Begin XCBuildConfiguration section */
		7ECE7737236D2ED7004001DE /* Debug */ = {
			isa = XCBuildConfiguration;
			buildSettings = {
				ALWAYS_SEARCH_USER_PATHS = NO;
				CLANG_ANALYZER_NONNULL = YES;
				CLANG_ANALYZER_NUMBER_OBJECT_CONVERSION = YES_AGGRESSIVE;
				CLANG_CXX_LANGUAGE_STANDARD = "gnu++14";
				CLANG_CXX_LIBRARY = "libc++";
				CLANG_ENABLE_MODULES = YES;
				CLANG_ENABLE_OBJC_ARC = YES;
				CLANG_ENABLE_OBJC_WEAK = YES;
				CLANG_WARN_BLOCK_CAPTURE_AUTORELEASING = YES;
				CLANG_WARN_BOOL_CONVERSION = YES;
				CLANG_WARN_COMMA = YES;
				CLANG_WARN_CONSTANT_CONVERSION = YES;
				CLANG_WARN_DEPRECATED_OBJC_IMPLEMENTATIONS = YES;
				CLANG_WARN_DIRECT_OBJC_ISA_USAGE = YES_ERROR;
				CLANG_WARN_DOCUMENTATION_COMMENTS = YES;
				CLANG_WARN_EMPTY_BODY = YES;
				CLANG_WARN_ENUM_CONVERSION = YES;
				CLANG_WARN_INFINITE_RECURSION = YES;
				CLANG_WARN_INT_CONVERSION = YES;
				CLANG_WARN_NON_LITERAL_NULL_CONVERSION = YES;
				CLANG_WARN_OBJC_IMPLICIT_RETAIN_SELF = YES;
				CLANG_WARN_OBJC_LITERAL_CONVERSION = YES;
				CLANG_WARN_OBJC_ROOT_CLASS = YES_ERROR;
				CLANG_WARN_QUOTED_INCLUDE_IN_FRAMEWORK_HEADER = YES;
				CLANG_WARN_RANGE_LOOP_ANALYSIS = YES;
				CLANG_WARN_STRICT_PROTOTYPES = YES;
				CLANG_WARN_SUSPICIOUS_MOVE = YES;
				CLANG_WARN_UNGUARDED_AVAILABILITY = YES_AGGRESSIVE;
				CLANG_WARN_UNREACHABLE_CODE = YES;
				CLANG_WARN__DUPLICATE_METHOD_MATCH = YES;
				CODE_SIGN_IDENTITY = "iPhone Developer";
				COPY_PHASE_STRIP = NO;
				DEBUG_INFORMATION_FORMAT = dwarf;
				ENABLE_STRICT_OBJC_MSGSEND = YES;
				ENABLE_TESTABILITY = YES;
				GCC_C_LANGUAGE_STANDARD = gnu11;
				GCC_DYNAMIC_NO_PIC = NO;
				GCC_NO_COMMON_BLOCKS = YES;
				GCC_OPTIMIZATION_LEVEL = 0;
				GCC_PREPROCESSOR_DEFINITIONS = (
					"DEBUG=1",
					"$(inherited)",
				);
				GCC_WARN_64_TO_32_BIT_CONVERSION = YES;
				GCC_WARN_ABOUT_RETURN_TYPE = YES_ERROR;
				GCC_WARN_UNDECLARED_SELECTOR = YES;
				GCC_WARN_UNINITIALIZED_AUTOS = YES_AGGRESSIVE;
				GCC_WARN_UNUSED_FUNCTION = YES;
				GCC_WARN_UNUSED_VARIABLE = YES;
				IPHONEOS_DEPLOYMENT_TARGET = 12.4;
				MTL_ENABLE_DEBUG_INFO = INCLUDE_SOURCE;
				MTL_FAST_MATH = YES;
				ONLY_ACTIVE_ARCH = YES;
				SDKROOT = iphoneos;
				SWIFT_ACTIVE_COMPILATION_CONDITIONS = DEBUG;
				SWIFT_OPTIMIZATION_LEVEL = "-Onone";
			};
			name = Debug;
		};
		7ECE7738236D2ED7004001DE /* Release */ = {
			isa = XCBuildConfiguration;
			buildSettings = {
				ALWAYS_SEARCH_USER_PATHS = NO;
				CLANG_ANALYZER_NONNULL = YES;
				CLANG_ANALYZER_NUMBER_OBJECT_CONVERSION = YES_AGGRESSIVE;
				CLANG_CXX_LANGUAGE_STANDARD = "gnu++14";
				CLANG_CXX_LIBRARY = "libc++";
				CLANG_ENABLE_MODULES = YES;
				CLANG_ENABLE_OBJC_ARC = YES;
				CLANG_ENABLE_OBJC_WEAK = YES;
				CLANG_WARN_BLOCK_CAPTURE_AUTORELEASING = YES;
				CLANG_WARN_BOOL_CONVERSION = YES;
				CLANG_WARN_COMMA = YES;
				CLANG_WARN_CONSTANT_CONVERSION = YES;
				CLANG_WARN_DEPRECATED_OBJC_IMPLEMENTATIONS = YES;
				CLANG_WARN_DIRECT_OBJC_ISA_USAGE = YES_ERROR;
				CLANG_WARN_DOCUMENTATION_COMMENTS = YES;
				CLANG_WARN_EMPTY_BODY = YES;
				CLANG_WARN_ENUM_CONVERSION = YES;
				CLANG_WARN_INFINITE_RECURSION = YES;
				CLANG_WARN_INT_CONVERSION = YES;
				CLANG_WARN_NON_LITERAL_NULL_CONVERSION = YES;
				CLANG_WARN_OBJC_IMPLICIT_RETAIN_SELF = YES;
				CLANG_WARN_OBJC_LITERAL_CONVERSION = YES;
				CLANG_WARN_OBJC_ROOT_CLASS = YES_ERROR;
				CLANG_WARN_QUOTED_INCLUDE_IN_FRAMEWORK_HEADER = YES;
				CLANG_WARN_RANGE_LOOP_ANALYSIS = YES;
				CLANG_WARN_STRICT_PROTOTYPES = YES;
				CLANG_WARN_SUSPICIOUS_MOVE = YES;
				CLANG_WARN_UNGUARDED_AVAILABILITY = YES_AGGRESSIVE;
				CLANG_WARN_UNREACHABLE_CODE = YES;
				CLANG_WARN__DUPLICATE_METHOD_MATCH = YES;
				CODE_SIGN_IDENTITY = "iPhone Developer";
				COPY_PHASE_STRIP = NO;
				DEBUG_INFORMATION_FORMAT = "dwarf-with-dsym";
				ENABLE_NS_ASSERTIONS = NO;
				ENABLE_STRICT_OBJC_MSGSEND = YES;
				GCC_C_LANGUAGE_STANDARD = gnu11;
				GCC_NO_COMMON_BLOCKS = YES;
				GCC_WARN_64_TO_32_BIT_CONVERSION = YES;
				GCC_WARN_ABOUT_RETURN_TYPE = YES_ERROR;
				GCC_WARN_UNDECLARED_SELECTOR = YES;
				GCC_WARN_UNINITIALIZED_AUTOS = YES_AGGRESSIVE;
				GCC_WARN_UNUSED_FUNCTION = YES;
				GCC_WARN_UNUSED_VARIABLE = YES;
				IPHONEOS_DEPLOYMENT_TARGET = 12.4;
				MTL_ENABLE_DEBUG_INFO = NO;
				MTL_FAST_MATH = YES;
				SDKROOT = iphoneos;
				SWIFT_COMPILATION_MODE = wholemodule;
				SWIFT_OPTIMIZATION_LEVEL = "-O";
				VALIDATE_PRODUCT = YES;
			};
			name = Release;
		};
		7ECE773A236D2ED7004001DE /* Debug */ = {
			isa = XCBuildConfiguration;
			buildSettings = {
				ASSETCATALOG_COMPILER_APPICON_NAME = AppIcon;
				CODE_SIGN_STYLE = Automatic;
				DEVELOPMENT_TEAM = R9G33E665C;
				INFOPLIST_FILE = "Schedule List/Info.plist";
				LD_RUNPATH_SEARCH_PATHS = (
					"$(inherited)",
					"@executable_path/Frameworks",
				);
				PRODUCT_BUNDLE_IDENTIFIER = "com.gregwu.Schedule-List";
				PRODUCT_NAME = "$(TARGET_NAME)";
				SWIFT_VERSION = 5.0;
				TARGETED_DEVICE_FAMILY = "1,2";
			};
			name = Debug;
		};
		7ECE773B236D2ED7004001DE /* Release */ = {
			isa = XCBuildConfiguration;
			buildSettings = {
				ASSETCATALOG_COMPILER_APPICON_NAME = AppIcon;
				CODE_SIGN_STYLE = Automatic;
				DEVELOPMENT_TEAM = R9G33E665C;
				INFOPLIST_FILE = "Schedule List/Info.plist";
				LD_RUNPATH_SEARCH_PATHS = (
					"$(inherited)",
					"@executable_path/Frameworks",
				);
				PRODUCT_BUNDLE_IDENTIFIER = "com.gregwu.Schedule-List";
				PRODUCT_NAME = "$(TARGET_NAME)";
				SWIFT_VERSION = 5.0;
				TARGETED_DEVICE_FAMILY = "1,2";
			};
			name = Release;
		};
/* End XCBuildConfiguration section */

/* Begin XCConfigurationList section */
		7ECE7722236D2ED6004001DE /* Build configuration list for PBXProject "Schedule List" */ = {
			isa = XCConfigurationList;
			buildConfigurations = (
				7ECE7737236D2ED7004001DE /* Debug */,
				7ECE7738236D2ED7004001DE /* Release */,
			);
			defaultConfigurationIsVisible = 0;
			defaultConfigurationName = Release;
		};
		7ECE7739236D2ED7004001DE /* Build configuration list for PBXNativeTarget "Schedule List" */ = {
			isa = XCConfigurationList;
			buildConfigurations = (
				7ECE773A236D2ED7004001DE /* Debug */,
				7ECE773B236D2ED7004001DE /* Release */,
			);
			defaultConfigurationIsVisible = 0;
			defaultConfigurationName = Release;
		};
/* End XCConfigurationList section */
	};
	rootObject = 7ECE771F236D2ED6004001DE /* Project object */;
}
